PODS:
  - DVNTStringExtension (0.1.0)

DEPENDENCIES:
  - DVNTStringExtension (from `../`)

EXTERNAL SOURCES:
  DVNTStringExtension:
    :path: "../"

SPEC CHECKSUMS:
  DVNTStringExtension: ee4ef70c93785adde0fd29787daa6e0ae27cd4ef

PODFILE CHECKSUM: 19c5db616a77882062ff6bb26e496c09f1328ad5

COCOAPODS: 1.7.0.beta.3
